{
  "nodes": {
    "darwin": {
      "inputs": {
        "nixpkgs": [
          "nixpkgs-darwin"
        ]
      },
      "locked": {
        "lastModified": 1724219898,
        "narHash": "sha256-7PwlnEQDIbww8+nk0CHLeYTYMA23F/CkynHsX7Mxk+s=",
        "owner": "lnl7",
        "repo": "nix-darwin",
        "rev": "d6703b988728b89456b32bac242c8689902e5a5b",
        "type": "github"
      },
      "original": {
        "owner": "lnl7",
        "repo": "nix-darwin",
        "type": "github"
      }
    },
    "home-manager": {
      "inputs": {
        "nixpkgs": [
          "nixpkgs-darwin"
        ]
      },
      "locked": {
        "lastModified": 1720042825,
        "narHash": "sha256-A0vrUB6x82/jvf17qPCpxaM+ulJnD8YZwH9Ci0BsAzE=",
        "owner": "nix-community",
        "repo": "home-manager",
        "rev": "e1391fb22e18a36f57e6999c7a9f966dc80ac073",
        "type": "github"
      },
      "original": {
        "owner": "nix-community",
        "ref": "release-24.05",
        "repo": "home-manager",
        "type": "github"
      }
    },
    "homeage": {
      "inputs": {
        "nixpkgs": [
          "nixpkgs"
        ]
      },
      "locked": {
        "lastModified": 1697874814,
        "narHash": "sha256-q8U6hCnYmZAyyvxZIj7xLB0cOsXf/fB5tUh9/hDN7sk=",
        "owner": "jordanisaacs",
        "repo": "homeage",
        "rev": "af9852e7234695f1b759a8c5d07d0fd35195a422",
        "type": "github"
      },
      "original": {
        "owner": "jordanisaacs",
        "ref": "pull/43/head",
        "repo": "homeage",
        "type": "github"
      }
    },
    "nixpkgs": {
      "locked": {
        "lastModified": 1724271409,
        "narHash": "sha256-z4nw9HxkaXEn+5OT8ljLVL2oataHvAzUQ1LEi8Fp+SY=",
        "owner": "NixOS",
        "repo": "nixpkgs",
        "rev": "36a9aeaaa17a2d4348498275f9fe530cd4f9e519",
        "type": "github"
      },
      "original": {
        "id": "nixpkgs",
        "type": "indirect"
      }
    },
    "nixpkgs-darwin": {
      "locked": {
        "lastModified": 1724242322,
        "narHash": "sha256-HMpK7hNjhEk4z5SFg5UtxEio9OWFocHdaQzCfW1pE7w=",
        "owner": "nixos",
        "repo": "nixpkgs",
        "rev": "224042e9a3039291f22f4f2ded12af95a616cca0",
        "type": "github"
      },
      "original": {
        "owner": "nixos",
        "ref": "nixpkgs-24.05-darwin",
        "repo": "nixpkgs",
        "type": "github"
      }
    },
    "nixpkgs-unstable": {
      "locked": {
        "lastModified": 1724271409,
        "narHash": "sha256-z4nw9HxkaXEn+5OT8ljLVL2oataHvAzUQ1LEi8Fp+SY=",
        "owner": "nixos",
        "repo": "nixpkgs",
        "rev": "36a9aeaaa17a2d4348498275f9fe530cd4f9e519",
        "type": "github"
      },
      "original": {
        "owner": "nixos",
        "ref": "nixpkgs-unstable",
        "repo": "nixpkgs",
        "type": "github"
      }
    },
    "root": {
      "inputs": {
        "darwin": "darwin",
        "home-manager": "home-manager",
        "homeage": "homeage",
        "nixpkgs": "nixpkgs",
        "nixpkgs-darwin": "nixpkgs-darwin",
        "nixpkgs-unstable": "nixpkgs-unstable"
      }
    }
  },
  "root": "root",
  "version": 7
}
