{
  "nodes": {
    "darwin": {
      "inputs": {
        "nixpkgs": [
          "nixpkgs-darwin"
        ]
      },
      "locked": {
        "lastModified": 1720599442,
        "narHash": "sha256-jdm+sKVbBXoyrxcHbVaV0htlpq2iFR+eJw3Xe/DPcDo=",
        "owner": "lnl7",
        "repo": "nix-darwin",
        "rev": "cf297a8d248db6a455b60133f6c0029c04ebe50e",
        "type": "github"
      },
      "original": {
        "owner": "lnl7",
        "repo": "nix-darwin",
        "type": "github"
      }
    },
    "home-manager": {
      "inputs": {
        "nixpkgs": [
          "nixpkgs-darwin"
        ]
      },
      "locked": {
        "lastModified": 1719827415,
        "narHash": "sha256-pvh+1hStXXAZf0sZ1xIJbWGx4u+OGBC1rVx6Wsw0fBw=",
        "owner": "nix-community",
        "repo": "home-manager",
        "rev": "f2e3c19867262dbe84fdfab42467fc8dd83a2005",
        "type": "github"
      },
      "original": {
        "owner": "nix-community",
        "ref": "release-23.11",
        "repo": "home-manager",
        "type": "github"
      }
    },
    "homeage": {
      "inputs": {
        "nixpkgs": [
          "nixpkgs"
        ]
      },
      "locked": {
        "lastModified": 1697874814,
        "narHash": "sha256-q8U6hCnYmZAyyvxZIj7xLB0cOsXf/fB5tUh9/hDN7sk=",
        "owner": "jordanisaacs",
        "repo": "homeage",
        "rev": "af9852e7234695f1b759a8c5d07d0fd35195a422",
        "type": "github"
      },
      "original": {
        "owner": "jordanisaacs",
        "ref": "pull/43/head",
        "repo": "homeage",
        "type": "github"
      }
    },
    "nixpkgs": {
      "locked": {
        "lastModified": 1720750130,
        "narHash": "sha256-y2wc7CdK0vVSIbx7MdVoZzuMcUoLvZXm+pQf2RIr1OU=",
        "owner": "NixOS",
        "repo": "nixpkgs",
        "rev": "6794d064edc69918bb0fc0e0eda33ece324be17a",
        "type": "github"
      },
      "original": {
        "id": "nixpkgs",
        "type": "indirect"
      }
    },
    "nixpkgs-darwin": {
      "locked": {
        "lastModified": 1719957072,
        "narHash": "sha256-gvFhEf5nszouwLAkT9nWsDzocUTqLWHuL++dvNjMp9I=",
        "owner": "nixos",
        "repo": "nixpkgs",
        "rev": "7144d6241f02d171d25fba3edeaf15e0f2592105",
        "type": "github"
      },
      "original": {
        "owner": "nixos",
        "ref": "nixpkgs-23.11-darwin",
        "repo": "nixpkgs",
        "type": "github"
      }
    },
    "root": {
      "inputs": {
        "darwin": "darwin",
        "home-manager": "home-manager",
        "homeage": "homeage",
        "nixpkgs": "nixpkgs",
        "nixpkgs-darwin": "nixpkgs-darwin"
      }
    }
  },
  "root": "root",
  "version": 7
}
